
Microsoft Visual Studio Solution File, Format Version 12.00
# Visual Studio 15
VisualStudioVersion = 15.0.27428.2015
MinimumVisualStudioVersion = 10.0.40219.1
Project("{FAE04EC0-301F-11D3-BF4B-00C04F79EFBC}") = "DemoSite", "DemoSite\DemoSite.csproj", "{ECD20803-C188-4E34-B371-1D166C154A4F}"
EndProject
Global
	GlobalSection(SolutionConfigurationPlatforms) = preSolution
		Debug|Any CPU = Debug|Any CPU
		Release|Any CPU = Release|Any CPU
	EndGlobalSection
	GlobalSection(ProjectConfigurationPlatforms) = postSolution
		{ECD20803-C188-4E34-B371-1D166C154A4F}.Debug|Any CPU.ActiveCfg = Debug|Any CPU
		{ECD20803-C188-4E34-B371-1D166C154A4F}.Debug|Any CPU.Build.0 = Debug|Any CPU
		{ECD20803-C188-4E34-B371-1D166C154A4F}.Release|Any CPU.ActiveCfg = Release|Any CPU
		{ECD20803-C188-4E34-B371-1D166C154A4F}.Release|Any CPU.Build.0 = Release|Any CPU
	EndGlobalSection
	GlobalSection(SolutionProperties) = preSolution
		HideSolutionNode = FALSE
	EndGlobalSection
	GlobalSection(ExtensibilityGlobals) = postSolution
		SolutionGuid = {80830E48-ED71-4454-8D7A-E4604AE3DDFA}
	EndGlobalSection
EndGlobal
